Microsoft Visual Studio Solution File, Format Version 12.00
# Visual Studio Version 17
VisualStudioVersion = 17.7.34031.279
MinimumVisualStudioVersion = 10.0.40219.1
Project("{9A19103F-16F7-4668-BE54-9A1E7A4F7556}") = "local-events-app", "local-events-app.csproj", "{76689819-D8B1-45A9-B6A9-408D68826C1E}"
EndProject
Project("{FAE04EC0-301F-11D3-BF4B-00C04F79EFBC}") = "local-events-app.test", "local-events-app.test\local-events-app.test.csproj", "{91185155-4866-493C-AABC-E911D950452D}"
	ProjectSection(ProjectDependencies) = postProject
		{76689819-D8B1-45A9-B6A9-408D68826C1E} = {76689819-D8B1-45A9-B6A9-408D68826C1E}
	EndProjectSection
EndProject
Global
	GlobalSection(SolutionConfigurationPlatforms) = preSolution
		Debug|Any CPU = Debug|Any CPU
		Release|Any CPU = Release|Any CPU
	EndGlobalSection
	GlobalSection(ProjectConfigurationPlatforms) = postSolution
		{76689819-D8B1-45A9-B6A9-408D68826C1E}.Debug|Any CPU.ActiveCfg = Debug|Any CPU
		{76689819-D8B1-45A9-B6A9-408D68826C1E}.Debug|Any CPU.Build.0 = Debug|Any CPU
		{76689819-D8B1-45A9-B6A9-408D68826C1E}.Release|Any CPU.ActiveCfg = Release|Any CPU
		{76689819-D8B1-45A9-B6A9-408D68826C1E}.Release|Any CPU.Build.0 = Release|Any CPU
		{91185155-4866-493C-AABC-E911D950452D}.Debug|Any CPU.ActiveCfg = Debug|Any CPU
		{91185155-4866-493C-AABC-E911D950452D}.Debug|Any CPU.Build.0 = Debug|Any CPU
		{91185155-4866-493C-AABC-E911D950452D}.Release|Any CPU.ActiveCfg = Release|Any CPU
		{91185155-4866-493C-AABC-E911D950452D}.Release|Any CPU.Build.0 = Release|Any CPU
	EndGlobalSection
	GlobalSection(SolutionProperties) = preSolution
		HideSolutionNode = FALSE
	EndGlobalSection
	GlobalSection(ExtensibilityGlobals) = postSolution
		SolutionGuid = {57A49D99-2733-4D82-8828-6B836A333DB0}
	EndGlobalSection
EndGlobal
